{
  "name": "egg-cli-test",
  "version": "1.0.1",
  "lockfileVersion": 1,
  "requires": true,
  "dependencies": {
    "egg-cli-test-lib": {
      "version": "1.0.0",
      "resolved": "https://registry.npmjs.org/egg-cli-test-lib/-/egg-cli-test-lib-1.0.0.tgz",
      "integrity": "sha512-tjQivTAp5ggh6L6YirnnxEX3aBxJ6dqQP9Hb24f3brR0VAu5tSLLPiuGictWYm4ixtADOm0vMiH7UXFJOdEYJQ=="
    }
  }
}
