{
  "name": "egg-cli-test",
  "version": "1.0.2",
  "lockfileVersion": 1,
  "requires": true,
  "dependencies": {
    "egg-cli-test-lib": {
      "version": "1.1.0",
      "resolved": "https://registry.npmjs.org/egg-cli-test-lib/-/egg-cli-test-lib-1.1.0.tgz",
      "integrity": "sha512-r+iO3Gc54lCTjvtg9Yd43KuM2j3FZC1Ef1qeRvI7UKwxu32zOHbyMOvTe4qTmRF6Tvnpi/q0bzY/D2I1M6YqBA=="
    }
  }
}
