{
  "name": "egg-cli-review-test",
  "version": "1.0.1",
  "lockfileVersion": 1,
  "requires": true,
  "dependencies": {
    "egg-cli-review-test-lib": {
      "version": "1.0.1",
      "resolved": "https://registry.npmjs.org/egg-cli-review-test-lib/-/egg-cli-review-test-lib-1.0.1.tgz",
      "integrity": "sha512-NzmIAGVCMYTSXp4jIZP4glST1zDerR+0tYE8X0nydk3BMJAYmayz7GXyV1RZr3CDjsRVYKYnm6DaJICHyz0FhA=="
    }
  }
}
